
Microsoft Visual Studio Solution File, Format Version 12.00
# Visual Studio Version 16
VisualStudioVersion = 16.0.31729.503
MinimumVisualStudioVersion = 10.0.40219.1
Project("{FAE04EC0-301F-11D3-BF4B-00C04F79EFBC}") = "WindowsFormsApp1", "WindowsFormsApp1\WindowsFormsApp1.csproj", "{F9CF3AC5-5A83-4F1F-BFA1-2C1F594BD184}"
EndProject
Global
	GlobalSection(SolutionConfigurationPlatforms) = preSolution
		Debug|Any CPU = Debug|Any CPU
		Release|Any CPU = Release|Any CPU
	EndGlobalSection
	GlobalSection(ProjectConfigurationPlatforms) = postSolution
		{F9CF3AC5-5A83-4F1F-BFA1-2C1F594BD184}.Debug|Any CPU.ActiveCfg = Debug|Any CPU
		{F9CF3AC5-5A83-4F1F-BFA1-2C1F594BD184}.Debug|Any CPU.Build.0 = Debug|Any CPU
		{F9CF3AC5-5A83-4F1F-BFA1-2C1F594BD184}.Release|Any CPU.ActiveCfg = Release|Any CPU
		{F9CF3AC5-5A83-4F1F-BFA1-2C1F594BD184}.Release|Any CPU.Build.0 = Release|Any CPU
	EndGlobalSection
	GlobalSection(SolutionProperties) = preSolution
		HideSolutionNode = FALSE
	EndGlobalSection
	GlobalSection(ExtensibilityGlobals) = postSolution
		SolutionGuid = {4C7C4CF0-6615-46AB-8D53-3FB234CC76FF}
	EndGlobalSection
EndGlobal
